
Microsoft Visual Studio Solution File, Format Version 12.00
# Visual Studio Version 17
VisualStudioVersion = 17.9.34728.123
MinimumVisualStudioVersion = 10.0.40219.1
Project("{FAE04EC0-301F-11D3-BF4B-00C04F79EFBC}") = "Lab03.1", "Lab03.1\Lab03.1.csproj", "{ECF13731-4A9A-43FF-8033-F776FFBD730C}"
EndProject
Global
	GlobalSection(SolutionConfigurationPlatforms) = preSolution
		Debug|Any CPU = Debug|Any CPU
		Release|Any CPU = Release|Any CPU
	EndGlobalSection
	GlobalSection(ProjectConfigurationPlatforms) = postSolution
		{ECF13731-4A9A-43FF-8033-F776FFBD730C}.Debug|Any CPU.ActiveCfg = Debug|Any CPU
		{ECF13731-4A9A-43FF-8033-F776FFBD730C}.Debug|Any CPU.Build.0 = Debug|Any CPU
		{ECF13731-4A9A-43FF-8033-F776FFBD730C}.Release|Any CPU.ActiveCfg = Release|Any CPU
		{ECF13731-4A9A-43FF-8033-F776FFBD730C}.Release|Any CPU.Build.0 = Release|Any CPU
	EndGlobalSection
	GlobalSection(SolutionProperties) = preSolution
		HideSolutionNode = FALSE
	EndGlobalSection
	GlobalSection(ExtensibilityGlobals) = postSolution
		SolutionGuid = {AB6E67ED-EFDA-480E-8DC4-D270433A7D96}
	EndGlobalSection
EndGlobal
