
Microsoft Visual Studio Solution File, Format Version 12.00
# Visual Studio Version 17
VisualStudioVersion = 17.9.34728.123
MinimumVisualStudioVersion = 10.0.40219.1
Project("{FAE04EC0-301F-11D3-BF4B-00C04F79EFBC}") = "Lab02_BAITAPTULAM", "Lab02_BAITAPTULAM\Lab02_BAITAPTULAM.csproj", "{34394F60-FA65-40A4-BEE5-DAA79E41660D}"
EndProject
Global
	GlobalSection(SolutionConfigurationPlatforms) = preSolution
		Debug|Any CPU = Debug|Any CPU
		Release|Any CPU = Release|Any CPU
	EndGlobalSection
	GlobalSection(ProjectConfigurationPlatforms) = postSolution
		{34394F60-FA65-40A4-BEE5-DAA79E41660D}.Debug|Any CPU.ActiveCfg = Debug|Any CPU
		{34394F60-FA65-40A4-BEE5-DAA79E41660D}.Debug|Any CPU.Build.0 = Debug|Any CPU
		{34394F60-FA65-40A4-BEE5-DAA79E41660D}.Release|Any CPU.ActiveCfg = Release|Any CPU
		{34394F60-FA65-40A4-BEE5-DAA79E41660D}.Release|Any CPU.Build.0 = Release|Any CPU
	EndGlobalSection
	GlobalSection(SolutionProperties) = preSolution
		HideSolutionNode = FALSE
	EndGlobalSection
	GlobalSection(ExtensibilityGlobals) = postSolution
		SolutionGuid = {657FA509-3239-4CB4-9B05-E0327CF8B43D}
	EndGlobalSection
EndGlobal
