
Microsoft Visual Studio Solution File, Format Version 12.00
# Visual Studio Version 17
VisualStudioVersion = 17.9.34728.123
MinimumVisualStudioVersion = 10.0.40219.1
Project("{FAE04EC0-301F-11D3-BF4B-00C04F79EFBC}") = "Lab02_BAITAPTULAM", "Lab02_BAITAPTULAM\Lab02_BAITAPTULAM.csproj", "{3154BA73-9E0F-43D5-AC8A-E8B26CC6AD69}"
EndProject
Global
	GlobalSection(SolutionConfigurationPlatforms) = preSolution
		Debug|Any CPU = Debug|Any CPU
		Release|Any CPU = Release|Any CPU
	EndGlobalSection
	GlobalSection(ProjectConfigurationPlatforms) = postSolution
		{3154BA73-9E0F-43D5-AC8A-E8B26CC6AD69}.Debug|Any CPU.ActiveCfg = Debug|Any CPU
		{3154BA73-9E0F-43D5-AC8A-E8B26CC6AD69}.Debug|Any CPU.Build.0 = Debug|Any CPU
		{3154BA73-9E0F-43D5-AC8A-E8B26CC6AD69}.Release|Any CPU.ActiveCfg = Release|Any CPU
		{3154BA73-9E0F-43D5-AC8A-E8B26CC6AD69}.Release|Any CPU.Build.0 = Release|Any CPU
	EndGlobalSection
	GlobalSection(SolutionProperties) = preSolution
		HideSolutionNode = FALSE
	EndGlobalSection
	GlobalSection(ExtensibilityGlobals) = postSolution
		SolutionGuid = {6CDFF957-8082-47EA-B1E9-287B31919946}
	EndGlobalSection
EndGlobal
