
Microsoft Visual Studio Solution File, Format Version 12.00
# Visual Studio Version 17
VisualStudioVersion = 17.9.34728.123
MinimumVisualStudioVersion = 10.0.40219.1
Project("{FAE04EC0-301F-11D3-BF4B-00C04F79EFBC}") = "Nttm_Lab05.1", "Nttm_Lab05.1\Nttm_Lab05.1.csproj", "{72C45B1E-66D6-4B14-91CB-626B4EE6DFF0}"
EndProject
Global
	GlobalSection(SolutionConfigurationPlatforms) = preSolution
		Debug|Any CPU = Debug|Any CPU
		Release|Any CPU = Release|Any CPU
	EndGlobalSection
	GlobalSection(ProjectConfigurationPlatforms) = postSolution
		{72C45B1E-66D6-4B14-91CB-626B4EE6DFF0}.Debug|Any CPU.ActiveCfg = Debug|Any CPU
		{72C45B1E-66D6-4B14-91CB-626B4EE6DFF0}.Debug|Any CPU.Build.0 = Debug|Any CPU
		{72C45B1E-66D6-4B14-91CB-626B4EE6DFF0}.Release|Any CPU.ActiveCfg = Release|Any CPU
		{72C45B1E-66D6-4B14-91CB-626B4EE6DFF0}.Release|Any CPU.Build.0 = Release|Any CPU
	EndGlobalSection
	GlobalSection(SolutionProperties) = preSolution
		HideSolutionNode = FALSE
	EndGlobalSection
	GlobalSection(ExtensibilityGlobals) = postSolution
		SolutionGuid = {28226A3D-BA9B-4322-91DE-4BB57E80D2A7}
	EndGlobalSection
EndGlobal
