
Microsoft Visual Studio Solution File, Format Version 12.00
# Visual Studio Version 17
VisualStudioVersion = 17.9.34728.123
MinimumVisualStudioVersion = 10.0.40219.1
Project("{FAE04EC0-301F-11D3-BF4B-00C04F79EFBC}") = "NttmLesson06CFK22CNT4", "NttmLesson06CFK22CNT4\NttmLesson06CFK22CNT4.csproj", "{AB73FB78-D4E7-4F21-8926-C8D15C4046E7}"
EndProject
Global
	GlobalSection(SolutionConfigurationPlatforms) = preSolution
		Debug|Any CPU = Debug|Any CPU
		Release|Any CPU = Release|Any CPU
	EndGlobalSection
	GlobalSection(ProjectConfigurationPlatforms) = postSolution
		{AB73FB78-D4E7-4F21-8926-C8D15C4046E7}.Debug|Any CPU.ActiveCfg = Debug|Any CPU
		{AB73FB78-D4E7-4F21-8926-C8D15C4046E7}.Debug|Any CPU.Build.0 = Debug|Any CPU
		{AB73FB78-D4E7-4F21-8926-C8D15C4046E7}.Release|Any CPU.ActiveCfg = Release|Any CPU
		{AB73FB78-D4E7-4F21-8926-C8D15C4046E7}.Release|Any CPU.Build.0 = Release|Any CPU
	EndGlobalSection
	GlobalSection(SolutionProperties) = preSolution
		HideSolutionNode = FALSE
	EndGlobalSection
	GlobalSection(ExtensibilityGlobals) = postSolution
		SolutionGuid = {1495B3F1-0BED-4288-865B-77EE45440B26}
	EndGlobalSection
EndGlobal
