
Microsoft Visual Studio Solution File, Format Version 12.00
# Visual Studio Version 17
VisualStudioVersion = 17.9.34728.123
MinimumVisualStudioVersion = 10.0.40219.1
Project("{FAE04EC0-301F-11D3-BF4B-00C04F79EFBC}") = "Nttm_Lab07_1", "Nttm_Lab07_1\Nttm_Lab07_1.csproj", "{65954A24-0F63-4072-8448-7A253B2ACC29}"
EndProject
Global
	GlobalSection(SolutionConfigurationPlatforms) = preSolution
		Debug|Any CPU = Debug|Any CPU
		Release|Any CPU = Release|Any CPU
	EndGlobalSection
	GlobalSection(ProjectConfigurationPlatforms) = postSolution
		{65954A24-0F63-4072-8448-7A253B2ACC29}.Debug|Any CPU.ActiveCfg = Debug|Any CPU
		{65954A24-0F63-4072-8448-7A253B2ACC29}.Debug|Any CPU.Build.0 = Debug|Any CPU
		{65954A24-0F63-4072-8448-7A253B2ACC29}.Release|Any CPU.ActiveCfg = Release|Any CPU
		{65954A24-0F63-4072-8448-7A253B2ACC29}.Release|Any CPU.Build.0 = Release|Any CPU
	EndGlobalSection
	GlobalSection(SolutionProperties) = preSolution
		HideSolutionNode = FALSE
	EndGlobalSection
	GlobalSection(ExtensibilityGlobals) = postSolution
		SolutionGuid = {FC1A40E7-FFB2-4C61-9907-3748558924F6}
	EndGlobalSection
EndGlobal
